{
  "name": "happywriting",
  "version": "1.0.0",
  "lockfileVersion": 1,
  "requires": true,
  "dependencies": {
    "hanzi-writer": {
      "version": "2.2.2",
      "resolved": "https://registry.npm.taobao.org/hanzi-writer/download/hanzi-writer-2.2.2.tgz",
      "integrity": "sha1-3urFdXDkSAQP0NWWHveBJnK5J/g="
    },
    "hanzi-writer-miniprogram": {
      "version": "1.0.4",
      "resolved": "https://registry.npm.taobao.org/hanzi-writer-miniprogram/download/hanzi-writer-miniprogram-1.0.4.tgz",
      "integrity": "sha1-lAT3E/6z339IioOv072ybWy0FdM=",
      "requires": {
        "hanzi-writer": "^2.0.4"
      }
    }
  }
}
